// !$*UTF8*$!
{
	archiveVersion = 1;
	classes = {
	};
	objectVersion = 56;
	objects = {

/* Begin PBXBuildFile section */
		530C302B2C658FB800D5CF81 /* landmarkData.json in Resources */ = {isa = PBXBuildFile; fileRef = 530C302A2C658FB800D5CF81 /* landmarkData.json */; };
		530C302D2C658FF700D5CF81 /* Landmark.swift in Sources */ = {isa = PBXBuildFile; fileRef = 530C302C2C658FF700D5CF81 /* Landmark.swift */; };
		530C302F2C6592A100D5CF81 /* ModelData.swift in Sources */ = {isa = PBXBuildFile; fileRef = 530C302E2C6592A100D5CF81 /* ModelData.swift */; };
		530C30342C6595E800D5CF81 /* LandmarkRow.swift in Sources */ = {isa = PBXBuildFile; fileRef = 530C30332C6595E800D5CF81 /* LandmarkRow.swift */; };
		530C30362C659C7C00D5CF81 /* LandmarkList.swift in Sources */ = {isa = PBXBuildFile; fileRef = 530C30352C659C7C00D5CF81 /* LandmarkList.swift */; };
		5337B3EA2C6459EA00B42DDE /* LandmarksApp.swift in Sources */ = {isa = PBXBuildFile; fileRef = 5337B3E92C6459EA00B42DDE /* LandmarksApp.swift */; };
		5337B3EC2C6459EA00B42DDE /* ContentView.swift in Sources */ = {isa = PBXBuildFile; fileRef = 5337B3EB2C6459EA00B42DDE /* ContentView.swift */; };
		5337B3EE2C6459EC00B42DDE /* Assets.xcassets in Resources */ = {isa = PBXBuildFile; fileRef = 5337B3ED2C6459EC00B42DDE /* Assets.xcassets */; };
		5337B3F12C6459EC00B42DDE /* Preview Assets.xcassets in Resources */ = {isa = PBXBuildFile; fileRef = 5337B3F02C6459EC00B42DDE /* Preview Assets.xcassets */; };
		5337B3F82C646FC800B42DDE /* CircleImage.swift in Sources */ = {isa = PBXBuildFile; fileRef = 5337B3F72C646FC800B42DDE /* CircleImage.swift */; };
		5337B3FA2C64712700B42DDE /* MapView.swift in Sources */ = {isa = PBXBuildFile; fileRef = 5337B3F92C64712700B42DDE /* MapView.swift */; };
/* End PBXBuildFile section */

/* Begin PBXFileReference section */
		530C302A2C658FB800D5CF81 /* landmarkData.json */ = {isa = PBXFileReference; fileEncoding = 4; lastKnownFileType = text.json; path = landmarkData.json; sourceTree = "<group>"; };
		530C302C2C658FF700D5CF81 /* Landmark.swift */ = {isa = PBXFileReference; lastKnownFileType = sourcecode.swift; path = Landmark.swift; sourceTree = "<group>"; };
		530C302E2C6592A100D5CF81 /* ModelData.swift */ = {isa = PBXFileReference; lastKnownFileType = sourcecode.swift; path = ModelData.swift; sourceTree = "<group>"; };
		530C30332C6595E800D5CF81 /* LandmarkRow.swift */ = {isa = PBXFileReference; lastKnownFileType = sourcecode.swift; path = LandmarkRow.swift; sourceTree = "<group>"; };
		530C30352C659C7C00D5CF81 /* LandmarkList.swift */ = {isa = PBXFileReference; lastKnownFileType = sourcecode.swift; path = LandmarkList.swift; sourceTree = "<group>"; };
		5337B3E62C6459EA00B42DDE /* Landmarks.app */ = {isa = PBXFileReference; explicitFileType = wrapper.application; includeInIndex = 0; path = Landmarks.app; sourceTree = BUILT_PRODUCTS_DIR; };
		5337B3E92C6459EA00B42DDE /* LandmarksApp.swift */ = {isa = PBXFileReference; lastKnownFileType = sourcecode.swift; path = LandmarksApp.swift; sourceTree = "<group>"; };
		5337B3EB2C6459EA00B42DDE /* ContentView.swift */ = {isa = PBXFileReference; lastKnownFileType = sourcecode.swift; path = ContentView.swift; sourceTree = "<group>"; };
		5337B3ED2C6459EC00B42DDE /* Assets.xcassets */ = {isa = PBXFileReference; lastKnownFileType = folder.assetcatalog; path = Assets.xcassets; sourceTree = "<group>"; };
		5337B3F02C6459EC00B42DDE /* Preview Assets.xcassets */ = {isa = PBXFileReference; lastKnownFileType = folder.assetcatalog; path = "Preview Assets.xcassets"; sourceTree = "<group>"; };
		5337B3F72C646FC800B42DDE /* CircleImage.swift */ = {isa = PBXFileReference; lastKnownFileType = sourcecode.swift; path = CircleImage.swift; sourceTree = "<group>"; };
		5337B3F92C64712700B42DDE /* MapView.swift */ = {isa = PBXFileReference; lastKnownFileType = sourcecode.swift; path = MapView.swift; sourceTree = "<group>"; };
/* End PBXFileReference section */

/* Begin PBXFrameworksBuildPhase section */
		5337B3E32C6459EA00B42DDE /* Frameworks */ = {
			isa = PBXFrameworksBuildPhase;
			buildActionMask = 2147483647;
			files = (
			);
			runOnlyForDeploymentPostprocessing = 0;
		};
/* End PBXFrameworksBuildPhase section */

/* Begin PBXGroup section */
		530C30302C65947400D5CF81 /* Views */ = {
			isa = PBXGroup;
			children = (
				5337B3EB2C6459EA00B42DDE /* ContentView.swift */,
				5337B3F72C646FC800B42DDE /* CircleImage.swift */,
				5337B3F92C64712700B42DDE /* MapView.swift */,
				530C30332C6595E800D5CF81 /* LandmarkRow.swift */,
				530C30352C659C7C00D5CF81 /* LandmarkList.swift */,
			);
			path = Views;
			sourceTree = "<group>";
		};
		530C30312C65948700D5CF81 /* Model */ = {
			isa = PBXGroup;
			children = (
				530C302C2C658FF700D5CF81 /* Landmark.swift */,
				530C302E2C6592A100D5CF81 /* ModelData.swift */,
			);
			path = Model;
			sourceTree = "<group>";
		};
		530C30322C65948F00D5CF81 /* Resources */ = {
			isa = PBXGroup;
			children = (
				530C302A2C658FB800D5CF81 /* landmarkData.json */,
			);
			path = Resources;
			sourceTree = "<group>";
		};
		5337B3DD2C6459EA00B42DDE = {
			isa = PBXGroup;
			children = (
				5337B3E82C6459EA00B42DDE /* Landmarks */,
				5337B3E72C6459EA00B42DDE /* Products */,
			);
			sourceTree = "<group>";
		};
		5337B3E72C6459EA00B42DDE /* Products */ = {
			isa = PBXGroup;
			children = (
				5337B3E62C6459EA00B42DDE /* Landmarks.app */,
			);
			name = Products;
			sourceTree = "<group>";
		};
		5337B3E82C6459EA00B42DDE /* Landmarks */ = {
			isa = PBXGroup;
			children = (
				530C30302C65947400D5CF81 /* Views */,
				5337B3ED2C6459EC00B42DDE /* Assets.xcassets */,
				5337B3E92C6459EA00B42DDE /* LandmarksApp.swift */,
				530C30312C65948700D5CF81 /* Model */,
				530C30322C65948F00D5CF81 /* Resources */,
				5337B3EF2C6459EC00B42DDE /* Preview Content */,
			);
			path = Landmarks;
			sourceTree = "<group>";
		};
		5337B3EF2C6459EC00B42DDE /* Preview Content */ = {
			isa = PBXGroup;
			children = (
				5337B3F02C6459EC00B42DDE /* Preview Assets.xcassets */,
			);
			path = "Preview Content";
			sourceTree = "<group>";
		};
/* End PBXGroup section */

/* Begin PBXNativeTarget section */
		5337B3E52C6459EA00B42DDE /* Landmarks */ = {
			isa = PBXNativeTarget;
			buildConfigurationList = 5337B3F42C6459EC00B42DDE /* Build configuration list for PBXNativeTarget "Landmarks" */;
			buildPhases = (
				5337B3E22C6459EA00B42DDE /* Sources */,
				5337B3E32C6459EA00B42DDE /* Frameworks */,
				5337B3E42C6459EA00B42DDE /* Resources */,
			);
			buildRules = (
			);
			dependencies = (
			);
			name = Landmarks;
			productName = Landmarks;
			productReference = 5337B3E62C6459EA00B42DDE /* Landmarks.app */;
			productType = "com.apple.product-type.application";
		};
/* End PBXNativeTarget section */

/* Begin PBXProject section */
		5337B3DE2C6459EA00B42DDE /* Project object */ = {
			isa = PBXProject;
			attributes = {
				BuildIndependentTargetsInParallel = 1;
				LastSwiftUpdateCheck = 1540;
				LastUpgradeCheck = 1540;
				TargetAttributes = {
					5337B3E52C6459EA00B42DDE = {
						CreatedOnToolsVersion = 15.4;
					};
				};
			};
			buildConfigurationList = 5337B3E12C6459EA00B42DDE /* Build configuration list for PBXProject "Landmarks" */;
			compatibilityVersion = "Xcode 14.0";
			developmentRegion = en;
			hasScannedForEncodings = 0;
			knownRegions = (
				en,
				Base,
			);
			mainGroup = 5337B3DD2C6459EA00B42DDE;
			productRefGroup = 5337B3E72C6459EA00B42DDE /* Products */;
			projectDirPath = "";
			projectRoot = "";
			targets = (
				5337B3E52C6459EA00B42DDE /* Landmarks */,
			);
		};
/* End PBXProject section */

/* Begin PBXResourcesBuildPhase section */
		5337B3E42C6459EA00B42DDE /* Resources */ = {
			isa = PBXResourcesBuildPhase;
			buildActionMask = 2147483647;
			files = (
				5337B3F12C6459EC00B42DDE /* Preview Assets.xcassets in Resources */,
				5337B3EE2C6459EC00B42DDE /* Assets.xcassets in Resources */,
				530C302B2C658FB800D5CF81 /* landmarkData.json in Resources */,
			);
			runOnlyForDeploymentPostprocessing = 0;
		};
/* End PBXResourcesBuildPhase section */

/* Begin PBXSourcesBuildPhase section */
		5337B3E22C6459EA00B42DDE /* Sources */ = {
			isa = PBXSourcesBuildPhase;
			buildActionMask = 2147483647;
			files = (
				5337B3EC2C6459EA00B42DDE /* ContentView.swift in Sources */,
				5337B3FA2C64712700B42DDE /* MapView.swift in Sources */,
				5337B3EA2C6459EA00B42DDE /* LandmarksApp.swift in Sources */,
				530C30362C659C7C00D5CF81 /* LandmarkList.swift in Sources */,
				5337B3F82C646FC800B42DDE /* CircleImage.swift in Sources */,
				530C302D2C658FF700D5CF81 /* Landmark.swift in Sources */,
				530C30342C6595E800D5CF81 /* LandmarkRow.swift in Sources */,
				530C302F2C6592A100D5CF81 /* ModelData.swift in Sources */,
			);
			runOnlyForDeploymentPostprocessing = 0;
		};
/* End PBXSourcesBuildPhase section */

/* Begin XCBuildConfiguration section */
		5337B3F22C6459EC00B42DDE /* Debug */ = {
			isa = XCBuildConfiguration;
			buildSettings = {
				ALWAYS_SEARCH_USER_PATHS = NO;
				ASSETCATALOG_COMPILER_GENERATE_SWIFT_ASSET_SYMBOL_EXTENSIONS = YES;
				CLANG_ANALYZER_NONNULL = YES;
				CLANG_ANALYZER_NUMBER_OBJECT_CONVERSION = YES_AGGRESSIVE;
				CLANG_CXX_LANGUAGE_STANDARD = "gnu++20";
				CLANG_ENABLE_MODULES = YES;
				CLANG_ENABLE_OBJC_ARC = YES;
				CLANG_ENABLE_OBJC_WEAK = YES;
				CLANG_WARN_BLOCK_CAPTURE_AUTORELEASING = YES;
				CLANG_WARN_BOOL_CONVERSION = YES;
				CLANG_WARN_COMMA = YES;
				CLANG_WARN_CONSTANT_CONVERSION = YES;
				CLANG_WARN_DEPRECATED_OBJC_IMPLEMENTATIONS = YES;
				CLANG_WARN_DIRECT_OBJC_ISA_USAGE = YES_ERROR;
				CLANG_WARN_DOCUMENTATION_COMMENTS = YES;
				CLANG_WARN_EMPTY_BODY = YES;
				CLANG_WARN_ENUM_CONVERSION = YES;
				CLANG_WARN_INFINITE_RECURSION = YES;
				CLANG_WARN_INT_CONVERSION = YES;
				CLANG_WARN_NON_LITERAL_NULL_CONVERSION = YES;
				CLANG_WARN_OBJC_IMPLICIT_RETAIN_SELF = YES;
				CLANG_WARN_OBJC_LITERAL_CONVERSION = YES;
				CLANG_WARN_OBJC_ROOT_CLASS = YES_ERROR;
				CLANG_WARN_QUOTED_INCLUDE_IN_FRAMEWORK_HEADER = YES;
				CLANG_WARN_RANGE_LOOP_ANALYSIS = YES;
				CLANG_WARN_STRICT_PROTOTYPES = YES;
				CLANG_WARN_SUSPICIOUS_MOVE = YES;
				CLANG_WARN_UNGUARDED_AVAILABILITY = YES_AGGRESSIVE;
				CLANG_WARN_UNREACHABLE_CODE = YES;
				CLANG_WARN__DUPLICATE_METHOD_MATCH = YES;
				COPY_PHASE_STRIP = NO;
				DEBUG_INFORMATION_FORMAT = dwarf;
				ENABLE_STRICT_OBJC_MSGSEND = YES;
				ENABLE_TESTABILITY = YES;
				ENABLE_USER_SCRIPT_SANDBOXING = YES;
				GCC_C_LANGUAGE_STANDARD = gnu17;
				GCC_DYNAMIC_NO_PIC = NO;
				GCC_NO_COMMON_BLOCKS = YES;
				GCC_OPTIMIZATION_LEVEL = 0;
				GCC_PREPROCESSOR_DEFINITIONS = (
					"DEBUG=1",
					"$(inherited)",
				);
				GCC_WARN_64_TO_32_BIT_CONVERSION = YES;
				GCC_WARN_ABOUT_RETURN_TYPE = YES_ERROR;
				GCC_WARN_UNDECLARED_SELECTOR = YES;
				GCC_WARN_UNINITIALIZED_AUTOS = YES_AGGRESSIVE;
				GCC_WARN_UNUSED_FUNCTION = YES;
				GCC_WARN_UNUSED_VARIABLE = YES;
				IPHONEOS_DEPLOYMENT_TARGET = 17.5;
				LOCALIZATION_PREFERS_STRING_CATALOGS = YES;
				MTL_ENABLE_DEBUG_INFO = INCLUDE_SOURCE;
				MTL_FAST_MATH = YES;
				ONLY_ACTIVE_ARCH = YES;
				SDKROOT = iphoneos;
				SWIFT_ACTIVE_COMPILATION_CONDITIONS = "DEBUG $(inherited)";
				SWIFT_OPTIMIZATION_LEVEL = "-Onone";
			};
			name = Debug;
		};
		5337B3F32C6459EC00B42DDE /* Release */ = {
			isa = XCBuildConfiguration;
			buildSettings = {
				ALWAYS_SEARCH_USER_PATHS = NO;
				ASSETCATALOG_COMPILER_GENERATE_SWIFT_ASSET_SYMBOL_EXTENSIONS = YES;
				CLANG_ANALYZER_NONNULL = YES;
				CLANG_ANALYZER_NUMBER_OBJECT_CONVERSION = YES_AGGRESSIVE;
				CLANG_CXX_LANGUAGE_STANDARD = "gnu++20";
				CLANG_ENABLE_MODULES = YES;
				CLANG_ENABLE_OBJC_ARC = YES;
				CLANG_ENABLE_OBJC_WEAK = YES;
				CLANG_WARN_BLOCK_CAPTURE_AUTORELEASING = YES;
				CLANG_WARN_BOOL_CONVERSION = YES;
				CLANG_WARN_COMMA = YES;
				CLANG_WARN_CONSTANT_CONVERSION = YES;
				CLANG_WARN_DEPRECATED_OBJC_IMPLEMENTATIONS = YES;
				CLANG_WARN_DIRECT_OBJC_ISA_USAGE = YES_ERROR;
				CLANG_WARN_DOCUMENTATION_COMMENTS = YES;
				CLANG_WARN_EMPTY_BODY = YES;
				CLANG_WARN_ENUM_CONVERSION = YES;
				CLANG_WARN_INFINITE_RECURSION = YES;
				CLANG_WARN_INT_CONVERSION = YES;
				CLANG_WARN_NON_LITERAL_NULL_CONVERSION = YES;
				CLANG_WARN_OBJC_IMPLICIT_RETAIN_SELF = YES;
				CLANG_WARN_OBJC_LITERAL_CONVERSION = YES;
				CLANG_WARN_OBJC_ROOT_CLASS = YES_ERROR;
				CLANG_WARN_QUOTED_INCLUDE_IN_FRAMEWORK_HEADER = YES;
				CLANG_WARN_RANGE_LOOP_ANALYSIS = YES;
				CLANG_WARN_STRICT_PROTOTYPES = YES;
				CLANG_WARN_SUSPICIOUS_MOVE = YES;
				CLANG_WARN_UNGUARDED_AVAILABILITY = YES_AGGRESSIVE;
				CLANG_WARN_UNREACHABLE_CODE = YES;
				CLANG_WARN__DUPLICATE_METHOD_MATCH = YES;
				COPY_PHASE_STRIP = NO;
				DEBUG_INFORMATION_FORMAT = "dwarf-with-dsym";
				ENABLE_NS_ASSERTIONS = NO;
				ENABLE_STRICT_OBJC_MSGSEND = YES;
				ENABLE_USER_SCRIPT_SANDBOXING = YES;
				GCC_C_LANGUAGE_STANDARD = gnu17;
				GCC_NO_COMMON_BLOCKS = YES;
				GCC_WARN_64_TO_32_BIT_CONVERSION = YES;
				GCC_WARN_ABOUT_RETURN_TYPE = YES_ERROR;
				GCC_WARN_UNDECLARED_SELECTOR = YES;
				GCC_WARN_UNINITIALIZED_AUTOS = YES_AGGRESSIVE;
				GCC_WARN_UNUSED_FUNCTION = YES;
				GCC_WARN_UNUSED_VARIABLE = YES;
				IPHONEOS_DEPLOYMENT_TARGET = 17.5;
				LOCALIZATION_PREFERS_STRING_CATALOGS = YES;
				MTL_ENABLE_DEBUG_INFO = NO;
				MTL_FAST_MATH = YES;
				SDKROOT = iphoneos;
				SWIFT_COMPILATION_MODE = wholemodule;
				VALIDATE_PRODUCT = YES;
			};
			name = Release;
		};
		5337B3F52C6459EC00B42DDE /* Debug */ = {
			isa = XCBuildConfiguration;
			buildSettings = {
				ASSETCATALOG_COMPILER_APPICON_NAME = AppIcon;
				ASSETCATALOG_COMPILER_GLOBAL_ACCENT_COLOR_NAME = AccentColor;
				CODE_SIGN_STYLE = Automatic;
				CURRENT_PROJECT_VERSION = 1;
				DEVELOPMENT_ASSET_PATHS = "\"Landmarks/Preview Content\"";
				ENABLE_PREVIEWS = YES;
				GENERATE_INFOPLIST_FILE = YES;
				INFOPLIST_KEY_UIApplicationSceneManifest_Generation = YES;
				INFOPLIST_KEY_UIApplicationSupportsIndirectInputEvents = YES;
				INFOPLIST_KEY_UILaunchScreen_Generation = YES;
				INFOPLIST_KEY_UISupportedInterfaceOrientations_iPad = "UIInterfaceOrientationPortrait UIInterfaceOrientationPortraitUpsideDown UIInterfaceOrientationLandscapeLeft UIInterfaceOrientationLandscapeRight";
				INFOPLIST_KEY_UISupportedInterfaceOrientations_iPhone = "UIInterfaceOrientationPortrait UIInterfaceOrientationLandscapeLeft UIInterfaceOrientationLandscapeRight";
				LD_RUNPATH_SEARCH_PATHS = (
					"$(inherited)",
					"@executable_path/Frameworks",
				);
				MARKETING_VERSION = 1.0;
				PRODUCT_BUNDLE_IDENTIFIER = "com.example.appkle-samplecode.Landmarks";
				PRODUCT_NAME = "$(TARGET_NAME)";
				SWIFT_EMIT_LOC_STRINGS = YES;
				SWIFT_VERSION = 5.0;
				TARGETED_DEVICE_FAMILY = "1,2";
			};
			name = Debug;
		};
		5337B3F62C6459EC00B42DDE /* Release */ = {
			isa = XCBuildConfiguration;
			buildSettings = {
				ASSETCATALOG_COMPILER_APPICON_NAME = AppIcon;
				ASSETCATALOG_COMPILER_GLOBAL_ACCENT_COLOR_NAME = AccentColor;
				CODE_SIGN_STYLE = Automatic;
				CURRENT_PROJECT_VERSION = 1;
				DEVELOPMENT_ASSET_PATHS = "\"Landmarks/Preview Content\"";
				ENABLE_PREVIEWS = YES;
				GENERATE_INFOPLIST_FILE = YES;
				INFOPLIST_KEY_UIApplicationSceneManifest_Generation = YES;
				INFOPLIST_KEY_UIApplicationSupportsIndirectInputEvents = YES;
				INFOPLIST_KEY_UILaunchScreen_Generation = YES;
				INFOPLIST_KEY_UISupportedInterfaceOrientations_iPad = "UIInterfaceOrientationPortrait UIInterfaceOrientationPortraitUpsideDown UIInterfaceOrientationLandscapeLeft UIInterfaceOrientationLandscapeRight";
				INFOPLIST_KEY_UISupportedInterfaceOrientations_iPhone = "UIInterfaceOrientationPortrait UIInterfaceOrientationLandscapeLeft UIInterfaceOrientationLandscapeRight";
				LD_RUNPATH_SEARCH_PATHS = (
					"$(inherited)",
					"@executable_path/Frameworks",
				);
				MARKETING_VERSION = 1.0;
				PRODUCT_BUNDLE_IDENTIFIER = "com.example.appkle-samplecode.Landmarks";
				PRODUCT_NAME = "$(TARGET_NAME)";
				SWIFT_EMIT_LOC_STRINGS = YES;
				SWIFT_VERSION = 5.0;
				TARGETED_DEVICE_FAMILY = "1,2";
			};
			name = Release;
		};
/* End XCBuildConfiguration section */

/* Begin XCConfigurationList section */
		5337B3E12C6459EA00B42DDE /* Build configuration list for PBXProject "Landmarks" */ = {
			isa = XCConfigurationList;
			buildConfigurations = (
				5337B3F22C6459EC00B42DDE /* Debug */,
				5337B3F32C6459EC00B42DDE /* Release */,
			);
			defaultConfigurationIsVisible = 0;
			defaultConfigurationName = Release;
		};
		5337B3F42C6459EC00B42DDE /* Build configuration list for PBXNativeTarget "Landmarks" */ = {
			isa = XCConfigurationList;
			buildConfigurations = (
				5337B3F52C6459EC00B42DDE /* Debug */,
				5337B3F62C6459EC00B42DDE /* Release */,
			);
			defaultConfigurationIsVisible = 0;
			defaultConfigurationName = Release;
		};
/* End XCConfigurationList section */
	};
	rootObject = 5337B3DE2C6459EA00B42DDE /* Project object */;
}
